<?xml version="1.0" encoding="utf-8"?>
<Project ToolsVersion="4.0" xmlns="http://schemas.microsoft.com/developer/msbuild/2003">
  <ItemGroup>
    <ClCompile Include="libgpcc.cpp" />
    <ClCompile Include="..\tmc3\attribute_raw_decoder.cpp">
      <Filter>cpp</Filter>
    </ClCompile>
    <ClCompile Include="..\tmc3\attribute_raw_encoder.cpp">
      <Filter>cpp</Filter>
    </ClCompile>
    <ClCompile Include="..\tmc3\AttributeCommon.cpp">
      <Filter>cpp</Filter>
    </ClCompile>
    <ClCompile Include="..\tmc3\AttributeDecoder.cpp">
      <Filter>cpp</Filter>
    </ClCompile>
    <ClCompile Include="..\tmc3\AttributeEncoder.cpp">
      <Filter>cpp</Filter>
    </ClCompile>
    <ClCompile Include="..\tmc3\coordinate_conversion.cpp">
      <Filter>cpp</Filter>
    </ClCompile>
    <ClCompile Include="..\tmc3\decoder.cpp">
      <Filter>cpp</Filter>
    </ClCompile>
    <ClCompile Include="..\tmc3\DualLutCoder.cpp">
      <Filter>cpp</Filter>
    </ClCompile>
    <ClCompile Include="..\tmc3\encoder.cpp">
      <Filter>cpp</Filter>
    </ClCompile>
    <ClCompile Include="..\tmc3\entropydirac.cpp">
      <Filter>cpp</Filter>
    </ClCompile>
    <ClCompile Include="..\tmc3\FixedPoint.cpp">
      <Filter>cpp</Filter>
    </ClCompile>
    <ClCompile Include="..\tmc3\frame.cpp">
      <Filter>cpp</Filter>
    </ClCompile>
    <ClCompile Include="..\tmc3\geometry_intra_pred.cpp">
      <Filter>cpp</Filter>
    </ClCompile>
    <ClCompile Include="..\tmc3\geometry_octree.cpp">
      <Filter>cpp</Filter>
    </ClCompile>
    <ClCompile Include="..\tmc3\geometry_octree_decoder.cpp">
      <Filter>cpp</Filter>
    </ClCompile>
    <ClCompile Include="..\tmc3\geometry_octree_encoder.cpp">
      <Filter>cpp</Filter>
    </ClCompile>
    <ClCompile Include="..\tmc3\geometry_predictive_decoder.cpp">
      <Filter>cpp</Filter>
    </ClCompile>
    <ClCompile Include="..\tmc3\geometry_predictive_encoder.cpp">
      <Filter>cpp</Filter>
    </ClCompile>
    <ClCompile Include="..\tmc3\geometry_trisoup_decoder.cpp">
      <Filter>cpp</Filter>
    </ClCompile>
    <ClCompile Include="..\tmc3\geometry_trisoup_encoder.cpp">
      <Filter>cpp</Filter>
    </ClCompile>
    <ClCompile Include="..\tmc3\io_hls.cpp">
      <Filter>cpp</Filter>
    </ClCompile>
    <ClCompile Include="..\tmc3\io_tlv.cpp">
      <Filter>cpp</Filter>
    </ClCompile>
    <ClCompile Include="..\tmc3\misc.cpp">
      <Filter>cpp</Filter>
    </ClCompile>
    <ClCompile Include="..\tmc3\motionWip.cpp">
      <Filter>cpp</Filter>
    </ClCompile>
    <ClCompile Include="..\tmc3\OctreeNeighMap.cpp">
      <Filter>cpp</Filter>
    </ClCompile>
    <ClCompile Include="..\tmc3\osspecific.cpp">
      <Filter>cpp</Filter>
    </ClCompile>
    <ClCompile Include="..\tmc3\partitioning.cpp">
      <Filter>cpp</Filter>
    </ClCompile>
    <ClCompile Include="..\tmc3\pcc_chrono.cpp">
      <Filter>cpp</Filter>
    </ClCompile>
    <ClCompile Include="..\tmc3\ply.cpp">
      <Filter>cpp</Filter>
    </ClCompile>
    <ClCompile Include="..\tmc3\pointset_processing.cpp">
      <Filter>cpp</Filter>
    </ClCompile>
    <ClCompile Include="..\tmc3\quantization.cpp">
      <Filter>cpp</Filter>
    </ClCompile>
    <ClCompile Include="..\tmc3\RAHT.cpp">
      <Filter>cpp</Filter>
    </ClCompile>
    <ClCompile Include="..\tmc3\tables.cpp">
      <Filter>cpp</Filter>
    </ClCompile>
    <ClCompile Include="SequenceCodec.cpp" />
    <ClCompile Include="SequenceEncoder.cpp" />
    <ClCompile Include="Particle.cpp" />
    <ClCompile Include="..\tmc3\PCCPointSet.cpp" />
    <ClCompile Include="gpcclib\gpcclib_common.cpp">
      <Filter>gpcclib</Filter>
    </ClCompile>
    <ClCompile Include="gpcclib\gpcclib_decoder_params.cpp">
      <Filter>gpcclib</Filter>
    </ClCompile>
    <ClCompile Include="gpcclib\gpcclib_encoder_encoder.cpp">
      <Filter>gpcclib</Filter>
    </ClCompile>
    <ClCompile Include="gpcclib\gpcclib_encoder_params.cpp">
      <Filter>gpcclib</Filter>
    </ClCompile>
    <ClCompile Include="gpcclib\gpcclib_frame.cpp">
      <Filter>gpcclib</Filter>
    </ClCompile>
    <ClCompile Include="gpcclib\gpcclib_params.cpp">
      <Filter>gpcclib</Filter>
    </ClCompile>
    <ClCompile Include="gpcclib\gpcclib_payloadbuffer.cpp">
      <Filter>gpcclib</Filter>
    </ClCompile>
    <ClCompile Include="gpcclib\gpcclib_pointset.cpp">
      <Filter>gpcclib</Filter>
    </ClCompile>
  </ItemGroup>
  <ItemGroup>
    <ClInclude Include="libgpcc.h" />
    <ClInclude Include="..\tmc3\Attribute.h">
      <Filter>include</Filter>
    </ClInclude>
    <ClInclude Include="..\tmc3\attribute_raw.h">
      <Filter>include</Filter>
    </ClInclude>
    <ClInclude Include="..\tmc3\AttributeCommon.h">
      <Filter>include</Filter>
    </ClInclude>
    <ClInclude Include="..\tmc3\AttributeDecoder.h">
      <Filter>include</Filter>
    </ClInclude>
    <ClInclude Include="..\tmc3\AttributeEncoder.h">
      <Filter>include</Filter>
    </ClInclude>
    <ClInclude Include="..\tmc3\BitReader.h">
      <Filter>include</Filter>
    </ClInclude>
    <ClInclude Include="..\tmc3\BitWriter.h">
      <Filter>include</Filter>
    </ClInclude>
    <ClInclude Include="..\tmc3\colourspace.h">
      <Filter>include</Filter>
    </ClInclude>
    <ClInclude Include="..\tmc3\constants.h">
      <Filter>include</Filter>
    </ClInclude>
    <ClInclude Include="..\tmc3\coordinate_conversion.h">
      <Filter>include</Filter>
    </ClInclude>
    <ClInclude Include="..\tmc3\DualLutCoder.h">
      <Filter>include</Filter>
    </ClInclude>
    <ClInclude Include="..\tmc3\entropy.h">
      <Filter>include</Filter>
    </ClInclude>
    <ClInclude Include="..\tmc3\entropychunk.h">
      <Filter>include</Filter>
    </ClInclude>
    <ClInclude Include="..\tmc3\entropydirac.h">
      <Filter>include</Filter>
    </ClInclude>
    <ClInclude Include="..\tmc3\entropyutils.h">
      <Filter>include</Filter>
    </ClInclude>
    <ClInclude Include="..\tmc3\FixedPoint.h">
      <Filter>include</Filter>
    </ClInclude>
    <ClInclude Include="..\tmc3\frame.h">
      <Filter>include</Filter>
    </ClInclude>
    <ClInclude Include="..\tmc3\framectr.h">
      <Filter>include</Filter>
    </ClInclude>
    <ClInclude Include="framework.h">
      <Filter>include</Filter>
    </ClInclude>
    <ClInclude Include="..\tmc3\geometry.h">
      <Filter>include</Filter>
    </ClInclude>
    <ClInclude Include="..\tmc3\geometry_intra_pred.h">
      <Filter>include</Filter>
    </ClInclude>
    <ClInclude Include="..\tmc3\geometry_octree.h">
      <Filter>include</Filter>
    </ClInclude>
    <ClInclude Include="..\tmc3\geometry_params.h">
      <Filter>include</Filter>
    </ClInclude>
    <ClInclude Include="..\tmc3\geometry_predictive.h">
      <Filter>include</Filter>
    </ClInclude>
    <ClInclude Include="..\tmc3\geometry_trisoup.h">
      <Filter>include</Filter>
    </ClInclude>
    <ClInclude Include="..\tmc3\hls.h">
      <Filter>include</Filter>
    </ClInclude>
    <ClInclude Include="..\tmc3\io_hls.h">
      <Filter>include</Filter>
    </ClInclude>
    <ClInclude Include="..\tmc3\io_tlv.h">
      <Filter>include</Filter>
    </ClInclude>
    <ClInclude Include="..\tmc3\motionWip.h">
      <Filter>include</Filter>
    </ClInclude>
    <ClInclude Include="..\tmc3\OctreeNeighMap.h">
      <Filter>include</Filter>
    </ClInclude>
    <ClInclude Include="..\tmc3\osspecific.h">
      <Filter>include</Filter>
    </ClInclude>
    <ClInclude Include="..\tmc3\partitioning.h">
      <Filter>include</Filter>
    </ClInclude>
    <ClInclude Include="..\tmc3\PayloadBuffer.h">
      <Filter>include</Filter>
    </ClInclude>
    <ClInclude Include="..\tmc3\pcc_chrono.h">
      <Filter>include</Filter>
    </ClInclude>
    <ClInclude Include="..\tmc3\PCCMath.h">
      <Filter>include</Filter>
    </ClInclude>
    <ClInclude Include="..\tmc3\PCCMisc.h">
      <Filter>include</Filter>
    </ClInclude>
    <ClInclude Include="..\tmc3\PCCPointSet.h">
      <Filter>include</Filter>
    </ClInclude>
    <ClInclude Include="..\tmc3\PCCTMC3Common.h">
      <Filter>include</Filter>
    </ClInclude>
    <ClInclude Include="..\tmc3\PCCTMC3Decoder.h">
      <Filter>include</Filter>
    </ClInclude>
    <ClInclude Include="..\tmc3\PCCTMC3Encoder.h">
      <Filter>include</Filter>
    </ClInclude>
    <ClInclude Include="..\tmc3\ply.h">
      <Filter>include</Filter>
    </ClInclude>
    <ClInclude Include="..\tmc3\pointset_processing.h">
      <Filter>include</Filter>
    </ClInclude>
    <ClInclude Include="..\tmc3\quantization.h">
      <Filter>include</Filter>
    </ClInclude>
    <ClInclude Include="..\tmc3\RAHT.h">
      <Filter>include</Filter>
    </ClInclude>
    <ClInclude Include="..\tmc3\ringbuf.h">
      <Filter>include</Filter>
    </ClInclude>
    <ClInclude Include="..\tmc3\tables.h">
      <Filter>include</Filter>
    </ClInclude>
    <ClInclude Include="..\tmc3\version.h">
      <Filter>include</Filter>
    </ClInclude>
    <ClInclude Include="SequenceCodec.h" />
    <ClInclude Include="SequenceEncoder.h" />
    <ClInclude Include="Particle.h" />
    <ClInclude Include="gpcclib\common.hpp" />
    <ClInclude Include="gpcclib\frame.hpp" />
    <ClInclude Include="gpcclib\payloadbuffer.hpp" />
    <ClInclude Include="gpcclib\pointset.hpp" />
    <ClInclude Include="gpcclib\def.hpp" />
    <ClInclude Include="gpcclib\params.hpp" />
  </ItemGroup>
  <ItemGroup>
    <Text Include="..\tmc3\CMakeLists.txt" />
  </ItemGroup>
  <ItemGroup>
    <Filter Include="include">
      <UniqueIdentifier>{47da64ff-73d9-4e57-bd6a-02d2dce010df}</UniqueIdentifier>
    </Filter>
    <Filter Include="cpp">
      <UniqueIdentifier>{c1573d86-69ac-48f3-8f6a-e32b7148582d}</UniqueIdentifier>
    </Filter>
    <Filter Include="gpcclib">
      <UniqueIdentifier>{dd6686d7-7873-4d07-9e9e-92d4a556a74a}</UniqueIdentifier>
    </Filter>
  </ItemGroup>
</Project>